
Microsoft Visual Studio Solution File, Format Version 12.00
# Visual Studio 15
VisualStudioVersion = 15.0.28010.2041
MinimumVisualStudioVersion = 10.0.40219.1
Project("{2150E333-8FDC-42A3-9474-1A3956D46DE8}") = "src", "src", "{1072A25F-7493-4D77-833A-B0AFAD1FDCD1}"
EndProject
Project("{2150E333-8FDC-42A3-9474-1A3956D46DE8}") = "test", "test", "{6DA0CF27-4E85-4E2C-8D0E-8A1BBC5E3A7D}"
EndProject
Project("{FAE04EC0-301F-11D3-BF4B-00C04F79EFBC}") = "Taf.Core.Utility", "Taf.Core.Utility\Taf.Core.Utility.csproj", "{54CE8336-234D-46F7-B3C2-C636F4C286F2}"
EndProject
Project("{FAE04EC0-301F-11D3-BF4B-00C04F79EFBC}") = "Taf.Core.Test", "Taf.Core.Test\Taf.Core.Test.csproj", "{9694FA4B-8E6F-4B25-AE6F-5EB04BFB99C0}"
EndProject
Project("{FAE04EC0-301F-11D3-BF4B-00C04F79EFBC}") = "Taf.Core.Extension", "Taf.Core.Extension\Taf.Core.Extension.csproj", "{D0E26CCB-E84F-4B3B-B2A6-F5A0809BECD1}"
EndProject
Project("{FAE04EC0-301F-11D3-BF4B-00C04F79EFBC}") = "Taf.Core.Extension.Test", "Taf.Core.Extension.Test\Taf.Core.Extension.Test.csproj", "{93435353-4AF9-4B79-BBA5-EDFF99B77C9C}"
EndProject
Project("{FAE04EC0-301F-11D3-BF4B-00C04F79EFBC}") = "Taf.Core.Web", "Taf.Core.Web\Taf.Core.Web.csproj", "{47CF23FA-746F-4CC7-8BD6-ABB673AC8D94}"
EndProject
Project("{FAE04EC0-301F-11D3-BF4B-00C04F79EFBC}") = "Taf.Core.Web.Test", "Taf.Core.Web.Test\Taf.Core.Web.Test.csproj", "{151409E4-A152-429E-B7C8-7C3E30B03718}"
EndProject
Global
	GlobalSection(SolutionConfigurationPlatforms) = preSolution
		Debug|Any CPU = Debug|Any CPU
		Release|Any CPU = Release|Any CPU
	EndGlobalSection
	GlobalSection(ProjectConfigurationPlatforms) = postSolution
		{54CE8336-234D-46F7-B3C2-C636F4C286F2}.Debug|Any CPU.ActiveCfg = Debug|Any CPU
		{54CE8336-234D-46F7-B3C2-C636F4C286F2}.Debug|Any CPU.Build.0 = Debug|Any CPU
		{54CE8336-234D-46F7-B3C2-C636F4C286F2}.Release|Any CPU.ActiveCfg = Release|Any CPU
		{54CE8336-234D-46F7-B3C2-C636F4C286F2}.Release|Any CPU.Build.0 = Release|Any CPU
		{9694FA4B-8E6F-4B25-AE6F-5EB04BFB99C0}.Debug|Any CPU.ActiveCfg = Debug|Any CPU
		{9694FA4B-8E6F-4B25-AE6F-5EB04BFB99C0}.Debug|Any CPU.Build.0 = Debug|Any CPU
		{9694FA4B-8E6F-4B25-AE6F-5EB04BFB99C0}.Release|Any CPU.ActiveCfg = Release|Any CPU
		{9694FA4B-8E6F-4B25-AE6F-5EB04BFB99C0}.Release|Any CPU.Build.0 = Release|Any CPU
		{D0E26CCB-E84F-4B3B-B2A6-F5A0809BECD1}.Debug|Any CPU.ActiveCfg = Debug|Any CPU
		{D0E26CCB-E84F-4B3B-B2A6-F5A0809BECD1}.Debug|Any CPU.Build.0 = Debug|Any CPU
		{D0E26CCB-E84F-4B3B-B2A6-F5A0809BECD1}.Release|Any CPU.ActiveCfg = Release|Any CPU
		{D0E26CCB-E84F-4B3B-B2A6-F5A0809BECD1}.Release|Any CPU.Build.0 = Release|Any CPU
		{93435353-4AF9-4B79-BBA5-EDFF99B77C9C}.Debug|Any CPU.ActiveCfg = Debug|Any CPU
		{93435353-4AF9-4B79-BBA5-EDFF99B77C9C}.Debug|Any CPU.Build.0 = Debug|Any CPU
		{93435353-4AF9-4B79-BBA5-EDFF99B77C9C}.Release|Any CPU.ActiveCfg = Release|Any CPU
		{93435353-4AF9-4B79-BBA5-EDFF99B77C9C}.Release|Any CPU.Build.0 = Release|Any CPU
		{47CF23FA-746F-4CC7-8BD6-ABB673AC8D94}.Debug|Any CPU.ActiveCfg = Debug|Any CPU
		{47CF23FA-746F-4CC7-8BD6-ABB673AC8D94}.Debug|Any CPU.Build.0 = Debug|Any CPU
		{47CF23FA-746F-4CC7-8BD6-ABB673AC8D94}.Release|Any CPU.ActiveCfg = Release|Any CPU
		{47CF23FA-746F-4CC7-8BD6-ABB673AC8D94}.Release|Any CPU.Build.0 = Release|Any CPU
		{151409E4-A152-429E-B7C8-7C3E30B03718}.Debug|Any CPU.ActiveCfg = Debug|Any CPU
		{151409E4-A152-429E-B7C8-7C3E30B03718}.Debug|Any CPU.Build.0 = Debug|Any CPU
		{151409E4-A152-429E-B7C8-7C3E30B03718}.Release|Any CPU.ActiveCfg = Release|Any CPU
		{151409E4-A152-429E-B7C8-7C3E30B03718}.Release|Any CPU.Build.0 = Release|Any CPU
	EndGlobalSection
	GlobalSection(SolutionProperties) = preSolution
		HideSolutionNode = FALSE
	EndGlobalSection
	GlobalSection(NestedProjects) = preSolution
		{54CE8336-234D-46F7-B3C2-C636F4C286F2} = {1072A25F-7493-4D77-833A-B0AFAD1FDCD1}
		{9694FA4B-8E6F-4B25-AE6F-5EB04BFB99C0} = {6DA0CF27-4E85-4E2C-8D0E-8A1BBC5E3A7D}
		{D0E26CCB-E84F-4B3B-B2A6-F5A0809BECD1} = {1072A25F-7493-4D77-833A-B0AFAD1FDCD1}
		{93435353-4AF9-4B79-BBA5-EDFF99B77C9C} = {6DA0CF27-4E85-4E2C-8D0E-8A1BBC5E3A7D}
		{47CF23FA-746F-4CC7-8BD6-ABB673AC8D94} = {1072A25F-7493-4D77-833A-B0AFAD1FDCD1}
		{151409E4-A152-429E-B7C8-7C3E30B03718} = {6DA0CF27-4E85-4E2C-8D0E-8A1BBC5E3A7D}
	EndGlobalSection
	GlobalSection(ExtensibilityGlobals) = postSolution
		SolutionGuid = {5B55A075-5080-453A-90BD-53CE7034EF35}
	EndGlobalSection
EndGlobal
